
Microsoft Visual Studio Solution File, Format Version 12.00
# Visual Studio Version 17
VisualStudioVersion = 17.13.35919.96 d17.13
MinimumVisualStudioVersion = 10.0.40219.1
Project("{FAE04EC0-301F-11D3-BF4B-00C04F79EFBC}") = "Farmers Markets", "Farmers Markets\Farmers Markets.csproj", "{EC0B8ADA-89EE-4AA1-9C41-B86E11845C02}"
EndProject
Global
	GlobalSection(SolutionConfigurationPlatforms) = preSolution
		Debug|Any CPU = Debug|Any CPU
		Release|Any CPU = Release|Any CPU
	EndGlobalSection
	GlobalSection(ProjectConfigurationPlatforms) = postSolution
		{EC0B8ADA-89EE-4AA1-9C41-B86E11845C02}.Debug|Any CPU.ActiveCfg = Debug|Any CPU
		{EC0B8ADA-89EE-4AA1-9C41-B86E11845C02}.Debug|Any CPU.Build.0 = Debug|Any CPU
		{EC0B8ADA-89EE-4AA1-9C41-B86E11845C02}.Release|Any CPU.ActiveCfg = Release|Any CPU
		{EC0B8ADA-89EE-4AA1-9C41-B86E11845C02}.Release|Any CPU.Build.0 = Release|Any CPU
	EndGlobalSection
	GlobalSection(SolutionProperties) = preSolution
		HideSolutionNode = FALSE
	EndGlobalSection
	GlobalSection(ExtensibilityGlobals) = postSolution
		SolutionGuid = {3C39B941-329B-46B3-BB1D-443BC250277D}
	EndGlobalSection
EndGlobal
